// !$*UTF8*$!
{
	archiveVersion = 1;
	classes = {
	};
	objectVersion = 46;
	objects = {

/* Begin PBXBuildFile section */
		306888FF8F8429D938A46175 /* Pods_My_LocationTests.framework in Frameworks */ = {isa = PBXBuildFile; fileRef = B112BB0E3BCD084DB0C9AD33 /* Pods_My_LocationTests.framework */; };
		72020B7C31587FF5C1538BEE /* Pods_My_Location.framework in Frameworks */ = {isa = PBXBuildFile; fileRef = 48F3BF3277D2668D8EB9D5CE /* Pods_My_Location.framework */; };
		A147262C1D91230D00CF380E /* AppDelegate.swift in Sources */ = {isa = PBXBuildFile; fileRef = A147262B1D91230D00CF380E /* AppDelegate.swift */; };
		A147262E1D91230D00CF380E /* ViewController.swift in Sources */ = {isa = PBXBuildFile; fileRef = A147262D1D91230D00CF380E /* ViewController.swift */; };
		A14726311D91230D00CF380E /* Main.storyboard in Resources */ = {isa = PBXBuildFile; fileRef = A147262F1D91230D00CF380E /* Main.storyboard */; };
		A14726331D91230D00CF380E /* Assets.xcassets in Resources */ = {isa = PBXBuildFile; fileRef = A14726321D91230D00CF380E /* Assets.xcassets */; };
		A14726361D91230D00CF380E /* LaunchScreen.storyboard in Resources */ = {isa = PBXBuildFile; fileRef = A14726341D91230D00CF380E /* LaunchScreen.storyboard */; };
		A14726411D91230E00CF380E /* My_LocationTests.swift in Sources */ = {isa = PBXBuildFile; fileRef = A14726401D91230E00CF380E /* My_LocationTests.swift */; };
		A147264C1D91230E00CF380E /* My_LocationUITests.swift in Sources */ = {isa = PBXBuildFile; fileRef = A147264B1D91230E00CF380E /* My_LocationUITests.swift */; };
		F3BBBDABA461EBD6E8C5F8A2 /* Pods_My_LocationUITests.framework in Frameworks */ = {isa = PBXBuildFile; fileRef = 50412C1B3CD0BE893DA5E97B /* Pods_My_LocationUITests.framework */; };
/* End PBXBuildFile section */

/* Begin PBXContainerItemProxy section */
		A147263D1D91230E00CF380E /* PBXContainerItemProxy */ = {
			isa = PBXContainerItemProxy;
			containerPortal = A14726201D91230D00CF380E /* Project object */;
			proxyType = 1;
			remoteGlobalIDString = A14726271D91230D00CF380E;
			remoteInfo = "My Location";
		};
		A14726481D91230E00CF380E /* PBXContainerItemProxy */ = {
			isa = PBXContainerItemProxy;
			containerPortal = A14726201D91230D00CF380E /* Project object */;
			proxyType = 1;
			remoteGlobalIDString = A14726271D91230D00CF380E;
			remoteInfo = "My Location";
		};
/* End PBXContainerItemProxy section */

/* Begin PBXFileReference section */
		02613435E5C5D12FECC64CE9 /* Pods-My LocationUITests.release.xcconfig */ = {isa = PBXFileReference; includeInIndex = 1; lastKnownFileType = text.xcconfig; name = "Pods-My LocationUITests.release.xcconfig"; path = "Pods/Target Support Files/Pods-My LocationUITests/Pods-My LocationUITests.release.xcconfig"; sourceTree = "<group>"; };
		27EA9AD5045BD8C272EB2BE7 /* Pods-My LocationTests.release.xcconfig */ = {isa = PBXFileReference; includeInIndex = 1; lastKnownFileType = text.xcconfig; name = "Pods-My LocationTests.release.xcconfig"; path = "Pods/Target Support Files/Pods-My LocationTests/Pods-My LocationTests.release.xcconfig"; sourceTree = "<group>"; };
		2DCFDCD5A4D93CC0ACA8D9F7 /* Pods-My Location.release.xcconfig */ = {isa = PBXFileReference; includeInIndex = 1; lastKnownFileType = text.xcconfig; name = "Pods-My Location.release.xcconfig"; path = "Pods/Target Support Files/Pods-My Location/Pods-My Location.release.xcconfig"; sourceTree = "<group>"; };
		48F3BF3277D2668D8EB9D5CE /* Pods_My_Location.framework */ = {isa = PBXFileReference; explicitFileType = wrapper.framework; includeInIndex = 0; path = Pods_My_Location.framework; sourceTree = BUILT_PRODUCTS_DIR; };
		50412C1B3CD0BE893DA5E97B /* Pods_My_LocationUITests.framework */ = {isa = PBXFileReference; explicitFileType = wrapper.framework; includeInIndex = 0; path = Pods_My_LocationUITests.framework; sourceTree = BUILT_PRODUCTS_DIR; };
		70B562EDB082DDFB3B636722 /* Pods-My LocationUITests.debug.xcconfig */ = {isa = PBXFileReference; includeInIndex = 1; lastKnownFileType = text.xcconfig; name = "Pods-My LocationUITests.debug.xcconfig"; path = "Pods/Target Support Files/Pods-My LocationUITests/Pods-My LocationUITests.debug.xcconfig"; sourceTree = "<group>"; };
		979B58A5E23CA2DF40099689 /* Pods-My Location.debug.xcconfig */ = {isa = PBXFileReference; includeInIndex = 1; lastKnownFileType = text.xcconfig; name = "Pods-My Location.debug.xcconfig"; path = "Pods/Target Support Files/Pods-My Location/Pods-My Location.debug.xcconfig"; sourceTree = "<group>"; };
		A14726281D91230D00CF380E /* My Location.app */ = {isa = PBXFileReference; explicitFileType = wrapper.application; includeInIndex = 0; path = "My Location.app"; sourceTree = BUILT_PRODUCTS_DIR; };
		A147262B1D91230D00CF380E /* AppDelegate.swift */ = {isa = PBXFileReference; lastKnownFileType = sourcecode.swift; path = AppDelegate.swift; sourceTree = "<group>"; };
		A147262D1D91230D00CF380E /* ViewController.swift */ = {isa = PBXFileReference; lastKnownFileType = sourcecode.swift; path = ViewController.swift; sourceTree = "<group>"; };
		A14726301D91230D00CF380E /* Base */ = {isa = PBXFileReference; lastKnownFileType = file.storyboard; name = Base; path = Base.lproj/Main.storyboard; sourceTree = "<group>"; };
		A14726321D91230D00CF380E /* Assets.xcassets */ = {isa = PBXFileReference; lastKnownFileType = folder.assetcatalog; path = Assets.xcassets; sourceTree = "<group>"; };
		A14726351D91230D00CF380E /* Base */ = {isa = PBXFileReference; lastKnownFileType = file.storyboard; name = Base; path = Base.lproj/LaunchScreen.storyboard; sourceTree = "<group>"; };
		A14726371D91230D00CF380E /* Info.plist */ = {isa = PBXFileReference; lastKnownFileType = text.plist.xml; path = Info.plist; sourceTree = "<group>"; };
		A147263C1D91230E00CF380E /* My LocationTests.xctest */ = {isa = PBXFileReference; explicitFileType = wrapper.cfbundle; includeInIndex = 0; path = "My LocationTests.xctest"; sourceTree = BUILT_PRODUCTS_DIR; };
		A14726401D91230E00CF380E /* My_LocationTests.swift */ = {isa = PBXFileReference; lastKnownFileType = sourcecode.swift; path = My_LocationTests.swift; sourceTree = "<group>"; };
		A14726421D91230E00CF380E /* Info.plist */ = {isa = PBXFileReference; lastKnownFileType = text.plist.xml; path = Info.plist; sourceTree = "<group>"; };
		A14726471D91230E00CF380E /* My LocationUITests.xctest */ = {isa = PBXFileReference; explicitFileType = wrapper.cfbundle; includeInIndex = 0; path = "My LocationUITests.xctest"; sourceTree = BUILT_PRODUCTS_DIR; };
		A147264B1D91230E00CF380E /* My_LocationUITests.swift */ = {isa = PBXFileReference; lastKnownFileType = sourcecode.swift; path = My_LocationUITests.swift; sourceTree = "<group>"; };
		A147264D1D91230E00CF380E /* Info.plist */ = {isa = PBXFileReference; lastKnownFileType = text.plist.xml; path = Info.plist; sourceTree = "<group>"; };
		B112BB0E3BCD084DB0C9AD33 /* Pods_My_LocationTests.framework */ = {isa = PBXFileReference; explicitFileType = wrapper.framework; includeInIndex = 0; path = Pods_My_LocationTests.framework; sourceTree = BUILT_PRODUCTS_DIR; };
		CC37B778641508B84211D79A /* Pods-My LocationTests.debug.xcconfig */ = {isa = PBXFileReference; includeInIndex = 1; lastKnownFileType = text.xcconfig; name = "Pods-My LocationTests.debug.xcconfig"; path = "Pods/Target Support Files/Pods-My LocationTests/Pods-My LocationTests.debug.xcconfig"; sourceTree = "<group>"; };
/* End PBXFileReference section */

/* Begin PBXFrameworksBuildPhase section */
		A14726251D91230D00CF380E /* Frameworks */ = {
			isa = PBXFrameworksBuildPhase;
			buildActionMask = 2147483647;
			files = (
				72020B7C31587FF5C1538BEE /* Pods_My_Location.framework in Frameworks */,
			);
			runOnlyForDeploymentPostprocessing = 0;
		};
		A14726391D91230E00CF380E /* Frameworks */ = {
			isa = PBXFrameworksBuildPhase;
			buildActionMask = 2147483647;
			files = (
				306888FF8F8429D938A46175 /* Pods_My_LocationTests.framework in Frameworks */,
			);
			runOnlyForDeploymentPostprocessing = 0;
		};
		A14726441D91230E00CF380E /* Frameworks */ = {
			isa = PBXFrameworksBuildPhase;
			buildActionMask = 2147483647;
			files = (
				F3BBBDABA461EBD6E8C5F8A2 /* Pods_My_LocationUITests.framework in Frameworks */,
			);
			runOnlyForDeploymentPostprocessing = 0;
		};
/* End PBXFrameworksBuildPhase section */

/* Begin PBXGroup section */
		A147261F1D91230D00CF380E = {
			isa = PBXGroup;
			children = (
				A147262A1D91230D00CF380E /* My Location */,
				A147263F1D91230E00CF380E /* My LocationTests */,
				A147264A1D91230E00CF380E /* My LocationUITests */,
				A14726291D91230D00CF380E /* Products */,
				C49EF7515C826A20CF487F85 /* Pods */,
				DE42D34D4554A52FF7A90A7D /* Frameworks */,
			);
			sourceTree = "<group>";
		};
		A14726291D91230D00CF380E /* Products */ = {
			isa = PBXGroup;
			children = (
				A14726281D91230D00CF380E /* My Location.app */,
				A147263C1D91230E00CF380E /* My LocationTests.xctest */,
				A14726471D91230E00CF380E /* My LocationUITests.xctest */,
			);
			name = Products;
			sourceTree = "<group>";
		};
		A147262A1D91230D00CF380E /* My Location */ = {
			isa = PBXGroup;
			children = (
				A147262B1D91230D00CF380E /* AppDelegate.swift */,
				A147262D1D91230D00CF380E /* ViewController.swift */,
				A147262F1D91230D00CF380E /* Main.storyboard */,
				A14726321D91230D00CF380E /* Assets.xcassets */,
				A14726341D91230D00CF380E /* LaunchScreen.storyboard */,
				A14726371D91230D00CF380E /* Info.plist */,
			);
			path = "My Location";
			sourceTree = "<group>";
		};
		A147263F1D91230E00CF380E /* My LocationTests */ = {
			isa = PBXGroup;
			children = (
				A14726401D91230E00CF380E /* My_LocationTests.swift */,
				A14726421D91230E00CF380E /* Info.plist */,
			);
			path = "My LocationTests";
			sourceTree = "<group>";
		};
		A147264A1D91230E00CF380E /* My LocationUITests */ = {
			isa = PBXGroup;
			children = (
				A147264B1D91230E00CF380E /* My_LocationUITests.swift */,
				A147264D1D91230E00CF380E /* Info.plist */,
			);
			path = "My LocationUITests";
			sourceTree = "<group>";
		};
		C49EF7515C826A20CF487F85 /* Pods */ = {
			isa = PBXGroup;
			children = (
				979B58A5E23CA2DF40099689 /* Pods-My Location.debug.xcconfig */,
				2DCFDCD5A4D93CC0ACA8D9F7 /* Pods-My Location.release.xcconfig */,
				CC37B778641508B84211D79A /* Pods-My LocationTests.debug.xcconfig */,
				27EA9AD5045BD8C272EB2BE7 /* Pods-My LocationTests.release.xcconfig */,
				70B562EDB082DDFB3B636722 /* Pods-My LocationUITests.debug.xcconfig */,
				02613435E5C5D12FECC64CE9 /* Pods-My LocationUITests.release.xcconfig */,
			);
			name = Pods;
			sourceTree = "<group>";
		};
		DE42D34D4554A52FF7A90A7D /* Frameworks */ = {
			isa = PBXGroup;
			children = (
				48F3BF3277D2668D8EB9D5CE /* Pods_My_Location.framework */,
				B112BB0E3BCD084DB0C9AD33 /* Pods_My_LocationTests.framework */,
				50412C1B3CD0BE893DA5E97B /* Pods_My_LocationUITests.framework */,
			);
			name = Frameworks;
			sourceTree = "<group>";
		};
/* End PBXGroup section */

/* Begin PBXNativeTarget section */
		A14726271D91230D00CF380E /* My Location */ = {
			isa = PBXNativeTarget;
			buildConfigurationList = A14726501D91230E00CF380E /* Build configuration list for PBXNativeTarget "My Location" */;
			buildPhases = (
				B3930C6DD4AC986E75698F38 /* [CP] Check Pods Manifest.lock */,
				A14726241D91230D00CF380E /* Sources */,
				A14726251D91230D00CF380E /* Frameworks */,
				A14726261D91230D00CF380E /* Resources */,
				B2418894F4014D7B2612CE64 /* [CP] Embed Pods Frameworks */,
				E802D11850BD0E62B4ADC20E /* [CP] Copy Pods Resources */,
			);
			buildRules = (
			);
			dependencies = (
			);
			name = "My Location";
			productName = "My Location";
			productReference = A14726281D91230D00CF380E /* My Location.app */;
			productType = "com.apple.product-type.application";
		};
		A147263B1D91230E00CF380E /* My LocationTests */ = {
			isa = PBXNativeTarget;
			buildConfigurationList = A14726531D91230E00CF380E /* Build configuration list for PBXNativeTarget "My LocationTests" */;
			buildPhases = (
				061FE08D4484C39ECEBBF3BA /* [CP] Check Pods Manifest.lock */,
				A14726381D91230E00CF380E /* Sources */,
				A14726391D91230E00CF380E /* Frameworks */,
				A147263A1D91230E00CF380E /* Resources */,
				63F3896A5700EE7439865C6F /* [CP] Embed Pods Frameworks */,
				3E1BB6104D396B7AC06C70FB /* [CP] Copy Pods Resources */,
			);
			buildRules = (
			);
			dependencies = (
				A147263E1D91230E00CF380E /* PBXTargetDependency */,
			);
			name = "My LocationTests";
			productName = "My LocationTests";
			productReference = A147263C1D91230E00CF380E /* My LocationTests.xctest */;
			productType = "com.apple.product-type.bundle.unit-test";
		};
		A14726461D91230E00CF380E /* My LocationUITests */ = {
			isa = PBXNativeTarget;
			buildConfigurationList = A14726561D91230E00CF380E /* Build configuration list for PBXNativeTarget "My LocationUITests" */;
			buildPhases = (
				61566095BB39DCE857F4E201 /* [CP] Check Pods Manifest.lock */,
				A14726431D91230E00CF380E /* Sources */,
				A14726441D91230E00CF380E /* Frameworks */,
				A14726451D91230E00CF380E /* Resources */,
				37D1A4296289818C1078D616 /* [CP] Copy Pods Resources */,
			);
			buildRules = (
			);
			dependencies = (
				A14726491D91230E00CF380E /* PBXTargetDependency */,
			);
			name = "My LocationUITests";
			productName = "My LocationUITests";
			productReference = A14726471D91230E00CF380E /* My LocationUITests.xctest */;
			productType = "com.apple.product-type.bundle.ui-testing";
		};
/* End PBXNativeTarget section */

/* Begin PBXProject section */
		A14726201D91230D00CF380E /* Project object */ = {
			isa = PBXProject;
			attributes = {
				LastSwiftUpdateCheck = 0800;
				LastUpgradeCheck = 0800;
				ORGANIZATIONNAME = "Sergey Kravtsov";
				TargetAttributes = {
					A14726271D91230D00CF380E = {
						CreatedOnToolsVersion = 8.0;
						DevelopmentTeam = 9QTU947L2N;
						ProvisioningStyle = Automatic;
					};
					A147263B1D91230E00CF380E = {
						CreatedOnToolsVersion = 8.0;
						DevelopmentTeam = L2658ZJS95;
						ProvisioningStyle = Automatic;
						TestTargetID = A14726271D91230D00CF380E;
					};
					A14726461D91230E00CF380E = {
						CreatedOnToolsVersion = 8.0;
						DevelopmentTeam = L2658ZJS95;
						ProvisioningStyle = Automatic;
						TestTargetID = A14726271D91230D00CF380E;
					};
				};
			};
			buildConfigurationList = A14726231D91230D00CF380E /* Build configuration list for PBXProject "My Location" */;
			compatibilityVersion = "Xcode 3.2";
			developmentRegion = English;
			hasScannedForEncodings = 0;
			knownRegions = (
				en,
				Base,
			);
			mainGroup = A147261F1D91230D00CF380E;
			productRefGroup = A14726291D91230D00CF380E /* Products */;
			projectDirPath = "";
			projectRoot = "";
			targets = (
				A14726271D91230D00CF380E /* My Location */,
				A147263B1D91230E00CF380E /* My LocationTests */,
				A14726461D91230E00CF380E /* My LocationUITests */,
			);
		};
/* End PBXProject section */

/* Begin PBXResourcesBuildPhase section */
		A14726261D91230D00CF380E /* Resources */ = {
			isa = PBXResourcesBuildPhase;
			buildActionMask = 2147483647;
			files = (
				A14726361D91230D00CF380E /* LaunchScreen.storyboard in Resources */,
				A14726331D91230D00CF380E /* Assets.xcassets in Resources */,
				A14726311D91230D00CF380E /* Main.storyboard in Resources */,
			);
			runOnlyForDeploymentPostprocessing = 0;
		};
		A147263A1D91230E00CF380E /* Resources */ = {
			isa = PBXResourcesBuildPhase;
			buildActionMask = 2147483647;
			files = (
			);
			runOnlyForDeploymentPostprocessing = 0;
		};
		A14726451D91230E00CF380E /* Resources */ = {
			isa = PBXResourcesBuildPhase;
			buildActionMask = 2147483647;
			files = (
			);
			runOnlyForDeploymentPostprocessing = 0;
		};
/* End PBXResourcesBuildPhase section */

/* Begin PBXShellScriptBuildPhase section */
		061FE08D4484C39ECEBBF3BA /* [CP] Check Pods Manifest.lock */ = {
			isa = PBXShellScriptBuildPhase;
			buildActionMask = 2147483647;
			files = (
			);
			inputPaths = (
			);
			name = "[CP] Check Pods Manifest.lock";
			outputPaths = (
			);
			runOnlyForDeploymentPostprocessing = 0;
			shellPath = /bin/sh;
			shellScript = "diff \"${PODS_ROOT}/../Podfile.lock\" \"${PODS_ROOT}/Manifest.lock\" > /dev/null\nif [[ $? != 0 ]] ; then\n    cat << EOM\nerror: The sandbox is not in sync with the Podfile.lock. Run 'pod install' or update your CocoaPods installation.\nEOM\n    exit 1\nfi\n";
			showEnvVarsInLog = 0;
		};
		37D1A4296289818C1078D616 /* [CP] Copy Pods Resources */ = {
			isa = PBXShellScriptBuildPhase;
			buildActionMask = 2147483647;
			files = (
			);
			inputPaths = (
			);
			name = "[CP] Copy Pods Resources";
			outputPaths = (
			);
			runOnlyForDeploymentPostprocessing = 0;
			shellPath = /bin/sh;
			shellScript = "\"${SRCROOT}/Pods/Target Support Files/Pods-My LocationUITests/Pods-My LocationUITests-resources.sh\"\n";
			showEnvVarsInLog = 0;
		};
		3E1BB6104D396B7AC06C70FB /* [CP] Copy Pods Resources */ = {
			isa = PBXShellScriptBuildPhase;
			buildActionMask = 2147483647;
			files = (
			);
			inputPaths = (
			);
			name = "[CP] Copy Pods Resources";
			outputPaths = (
			);
			runOnlyForDeploymentPostprocessing = 0;
			shellPath = /bin/sh;
			shellScript = "\"${SRCROOT}/Pods/Target Support Files/Pods-My LocationTests/Pods-My LocationTests-resources.sh\"\n";
			showEnvVarsInLog = 0;
		};
		61566095BB39DCE857F4E201 /* [CP] Check Pods Manifest.lock */ = {
			isa = PBXShellScriptBuildPhase;
			buildActionMask = 2147483647;
			files = (
			);
			inputPaths = (
			);
			name = "[CP] Check Pods Manifest.lock";
			outputPaths = (
			);
			runOnlyForDeploymentPostprocessing = 0;
			shellPath = /bin/sh;
			shellScript = "diff \"${PODS_ROOT}/../Podfile.lock\" \"${PODS_ROOT}/Manifest.lock\" > /dev/null\nif [[ $? != 0 ]] ; then\n    cat << EOM\nerror: The sandbox is not in sync with the Podfile.lock. Run 'pod install' or update your CocoaPods installation.\nEOM\n    exit 1\nfi\n";
			showEnvVarsInLog = 0;
		};
		63F3896A5700EE7439865C6F /* [CP] Embed Pods Frameworks */ = {
			isa = PBXShellScriptBuildPhase;
			buildActionMask = 2147483647;
			files = (
			);
			inputPaths = (
			);
			name = "[CP] Embed Pods Frameworks";
			outputPaths = (
			);
			runOnlyForDeploymentPostprocessing = 0;
			shellPath = /bin/sh;
			shellScript = "\"${SRCROOT}/Pods/Target Support Files/Pods-My LocationTests/Pods-My LocationTests-frameworks.sh\"\n";
			showEnvVarsInLog = 0;
		};
		B2418894F4014D7B2612CE64 /* [CP] Embed Pods Frameworks */ = {
			isa = PBXShellScriptBuildPhase;
			buildActionMask = 2147483647;
			files = (
			);
			inputPaths = (
			);
			name = "[CP] Embed Pods Frameworks";
			outputPaths = (
			);
			runOnlyForDeploymentPostprocessing = 0;
			shellPath = /bin/sh;
			shellScript = "\"${SRCROOT}/Pods/Target Support Files/Pods-My Location/Pods-My Location-frameworks.sh\"\n";
			showEnvVarsInLog = 0;
		};
		B3930C6DD4AC986E75698F38 /* [CP] Check Pods Manifest.lock */ = {
			isa = PBXShellScriptBuildPhase;
			buildActionMask = 2147483647;
			files = (
			);
			inputPaths = (
			);
			name = "[CP] Check Pods Manifest.lock";
			outputPaths = (
			);
			runOnlyForDeploymentPostprocessing = 0;
			shellPath = /bin/sh;
			shellScript = "diff \"${PODS_ROOT}/../Podfile.lock\" \"${PODS_ROOT}/Manifest.lock\" > /dev/null\nif [[ $? != 0 ]] ; then\n    cat << EOM\nerror: The sandbox is not in sync with the Podfile.lock. Run 'pod install' or update your CocoaPods installation.\nEOM\n    exit 1\nfi\n";
			showEnvVarsInLog = 0;
		};
		E802D11850BD0E62B4ADC20E /* [CP] Copy Pods Resources */ = {
			isa = PBXShellScriptBuildPhase;
			buildActionMask = 2147483647;
			files = (
			);
			inputPaths = (
			);
			name = "[CP] Copy Pods Resources";
			outputPaths = (
			);
			runOnlyForDeploymentPostprocessing = 0;
			shellPath = /bin/sh;
			shellScript = "\"${SRCROOT}/Pods/Target Support Files/Pods-My Location/Pods-My Location-resources.sh\"\n";
			showEnvVarsInLog = 0;
		};
/* End PBXShellScriptBuildPhase section */

/* Begin PBXSourcesBuildPhase section */
		A14726241D91230D00CF380E /* Sources */ = {
			isa = PBXSourcesBuildPhase;
			buildActionMask = 2147483647;
			files = (
				A147262E1D91230D00CF380E /* ViewController.swift in Sources */,
				A147262C1D91230D00CF380E /* AppDelegate.swift in Sources */,
			);
			runOnlyForDeploymentPostprocessing = 0;
		};
		A14726381D91230E00CF380E /* Sources */ = {
			isa = PBXSourcesBuildPhase;
			buildActionMask = 2147483647;
			files = (
				A14726411D91230E00CF380E /* My_LocationTests.swift in Sources */,
			);
			runOnlyForDeploymentPostprocessing = 0;
		};
		A14726431D91230E00CF380E /* Sources */ = {
			isa = PBXSourcesBuildPhase;
			buildActionMask = 2147483647;
			files = (
				A147264C1D91230E00CF380E /* My_LocationUITests.swift in Sources */,
			);
			runOnlyForDeploymentPostprocessing = 0;
		};
/* End PBXSourcesBuildPhase section */

/* Begin PBXTargetDependency section */
		A147263E1D91230E00CF380E /* PBXTargetDependency */ = {
			isa = PBXTargetDependency;
			target = A14726271D91230D00CF380E /* My Location */;
			targetProxy = A147263D1D91230E00CF380E /* PBXContainerItemProxy */;
		};
		A14726491D91230E00CF380E /* PBXTargetDependency */ = {
			isa = PBXTargetDependency;
			target = A14726271D91230D00CF380E /* My Location */;
			targetProxy = A14726481D91230E00CF380E /* PBXContainerItemProxy */;
		};
/* End PBXTargetDependency section */

/* Begin PBXVariantGroup section */
		A147262F1D91230D00CF380E /* Main.storyboard */ = {
			isa = PBXVariantGroup;
			children = (
				A14726301D91230D00CF380E /* Base */,
			);
			name = Main.storyboard;
			sourceTree = "<group>";
		};
		A14726341D91230D00CF380E /* LaunchScreen.storyboard */ = {
			isa = PBXVariantGroup;
			children = (
				A14726351D91230D00CF380E /* Base */,
			);
			name = LaunchScreen.storyboard;
			sourceTree = "<group>";
		};
/* End PBXVariantGroup section */

/* Begin XCBuildConfiguration section */
		A147264E1D91230E00CF380E /* Debug */ = {
			isa = XCBuildConfiguration;
			buildSettings = {
				ALWAYS_SEARCH_USER_PATHS = NO;
				CLANG_ANALYZER_NONNULL = YES;
				CLANG_CXX_LANGUAGE_STANDARD = "gnu++0x";
				CLANG_CXX_LIBRARY = "libc++";
				CLANG_ENABLE_MODULES = YES;
				CLANG_ENABLE_OBJC_ARC = YES;
				CLANG_WARN_BOOL_CONVERSION = YES;
				CLANG_WARN_CONSTANT_CONVERSION = YES;
				CLANG_WARN_DIRECT_OBJC_ISA_USAGE = YES_ERROR;
				CLANG_WARN_DOCUMENTATION_COMMENTS = YES;
				CLANG_WARN_EMPTY_BODY = YES;
				CLANG_WARN_ENUM_CONVERSION = YES;
				CLANG_WARN_INFINITE_RECURSION = YES;
				CLANG_WARN_INT_CONVERSION = YES;
				CLANG_WARN_OBJC_ROOT_CLASS = YES_ERROR;
				CLANG_WARN_SUSPICIOUS_MOVES = YES;
				CLANG_WARN_UNREACHABLE_CODE = YES;
				CLANG_WARN__DUPLICATE_METHOD_MATCH = YES;
				"CODE_SIGN_IDENTITY[sdk=iphoneos*]" = "iPhone Developer";
				COPY_PHASE_STRIP = NO;
				DEBUG_INFORMATION_FORMAT = dwarf;
				ENABLE_STRICT_OBJC_MSGSEND = YES;
				ENABLE_TESTABILITY = YES;
				GCC_C_LANGUAGE_STANDARD = gnu99;
				GCC_DYNAMIC_NO_PIC = NO;
				GCC_NO_COMMON_BLOCKS = YES;
				GCC_OPTIMIZATION_LEVEL = 0;
				GCC_PREPROCESSOR_DEFINITIONS = (
					"DEBUG=1",
					"$(inherited)",
				);
				GCC_WARN_64_TO_32_BIT_CONVERSION = YES;
				GCC_WARN_ABOUT_RETURN_TYPE = YES_ERROR;
				GCC_WARN_UNDECLARED_SELECTOR = YES;
				GCC_WARN_UNINITIALIZED_AUTOS = YES_AGGRESSIVE;
				GCC_WARN_UNUSED_FUNCTION = YES;
				GCC_WARN_UNUSED_VARIABLE = YES;
				IPHONEOS_DEPLOYMENT_TARGET = 10.0;
				MTL_ENABLE_DEBUG_INFO = YES;
				ONLY_ACTIVE_ARCH = YES;
				SDKROOT = iphoneos;
				SWIFT_ACTIVE_COMPILATION_CONDITIONS = DEBUG;
				SWIFT_OPTIMIZATION_LEVEL = "-Onone";
				TARGETED_DEVICE_FAMILY = "1,2";
			};
			name = Debug;
		};
		A147264F1D91230E00CF380E /* Release */ = {
			isa = XCBuildConfiguration;
			buildSettings = {
				ALWAYS_SEARCH_USER_PATHS = NO;
				CLANG_ANALYZER_NONNULL = YES;
				CLANG_CXX_LANGUAGE_STANDARD = "gnu++0x";
				CLANG_CXX_LIBRARY = "libc++";
				CLANG_ENABLE_MODULES = YES;
				CLANG_ENABLE_OBJC_ARC = YES;
				CLANG_WARN_BOOL_CONVERSION = YES;
				CLANG_WARN_CONSTANT_CONVERSION = YES;
				CLANG_WARN_DIRECT_OBJC_ISA_USAGE = YES_ERROR;
				CLANG_WARN_DOCUMENTATION_COMMENTS = YES;
				CLANG_WARN_EMPTY_BODY = YES;
				CLANG_WARN_ENUM_CONVERSION = YES;
				CLANG_WARN_INFINITE_RECURSION = YES;
				CLANG_WARN_INT_CONVERSION = YES;
				CLANG_WARN_OBJC_ROOT_CLASS = YES_ERROR;
				CLANG_WARN_SUSPICIOUS_MOVES = YES;
				CLANG_WARN_UNREACHABLE_CODE = YES;
				CLANG_WARN__DUPLICATE_METHOD_MATCH = YES;
				"CODE_SIGN_IDENTITY[sdk=iphoneos*]" = "iPhone Developer";
				COPY_PHASE_STRIP = NO;
				DEBUG_INFORMATION_FORMAT = "dwarf-with-dsym";
				ENABLE_NS_ASSERTIONS = NO;
				ENABLE_STRICT_OBJC_MSGSEND = YES;
				GCC_C_LANGUAGE_STANDARD = gnu99;
				GCC_NO_COMMON_BLOCKS = YES;
				GCC_WARN_64_TO_32_BIT_CONVERSION = YES;
				GCC_WARN_ABOUT_RETURN_TYPE = YES_ERROR;
				GCC_WARN_UNDECLARED_SELECTOR = YES;
				GCC_WARN_UNINITIALIZED_AUTOS = YES_AGGRESSIVE;
				GCC_WARN_UNUSED_FUNCTION = YES;
				GCC_WARN_UNUSED_VARIABLE = YES;
				IPHONEOS_DEPLOYMENT_TARGET = 10.0;
				MTL_ENABLE_DEBUG_INFO = NO;
				SDKROOT = iphoneos;
				SWIFT_OPTIMIZATION_LEVEL = "-Owholemodule";
				TARGETED_DEVICE_FAMILY = "1,2";
				VALIDATE_PRODUCT = YES;
			};
			name = Release;
		};
		A14726511D91230E00CF380E /* Debug */ = {
			isa = XCBuildConfiguration;
			baseConfigurationReference = 979B58A5E23CA2DF40099689 /* Pods-My Location.debug.xcconfig */;
			buildSettings = {
				ASSETCATALOG_COMPILER_APPICON_NAME = AppIcon;
				DEVELOPMENT_TEAM = 9QTU947L2N;
				INFOPLIST_FILE = "My Location/Info.plist";
				LD_RUNPATH_SEARCH_PATHS = "$(inherited) @executable_path/Frameworks";
				PRODUCT_BUNDLE_IDENTIFIER = "test.My-Location";
				PRODUCT_NAME = "$(TARGET_NAME)";
				SWIFT_VERSION = 3.0;
			};
			name = Debug;
		};
		A14726521D91230E00CF380E /* Release */ = {
			isa = XCBuildConfiguration;
			baseConfigurationReference = 2DCFDCD5A4D93CC0ACA8D9F7 /* Pods-My Location.release.xcconfig */;
			buildSettings = {
				ASSETCATALOG_COMPILER_APPICON_NAME = AppIcon;
				DEVELOPMENT_TEAM = 9QTU947L2N;
				INFOPLIST_FILE = "My Location/Info.plist";
				LD_RUNPATH_SEARCH_PATHS = "$(inherited) @executable_path/Frameworks";
				PRODUCT_BUNDLE_IDENTIFIER = "test.My-Location";
				PRODUCT_NAME = "$(TARGET_NAME)";
				SWIFT_VERSION = 3.0;
			};
			name = Release;
		};
		A14726541D91230E00CF380E /* Debug */ = {
			isa = XCBuildConfiguration;
			baseConfigurationReference = CC37B778641508B84211D79A /* Pods-My LocationTests.debug.xcconfig */;
			buildSettings = {
				ALWAYS_EMBED_SWIFT_STANDARD_LIBRARIES = YES;
				BUNDLE_LOADER = "$(TEST_HOST)";
				DEVELOPMENT_TEAM = L2658ZJS95;
				INFOPLIST_FILE = "My LocationTests/Info.plist";
				LD_RUNPATH_SEARCH_PATHS = "$(inherited) @executable_path/Frameworks @loader_path/Frameworks";
				PRODUCT_BUNDLE_IDENTIFIER = "test.My-LocationTests";
				PRODUCT_NAME = "$(TARGET_NAME)";
				SWIFT_VERSION = 3.0;
				TEST_HOST = "$(BUILT_PRODUCTS_DIR)/My Location.app/My Location";
			};
			name = Debug;
		};
		A14726551D91230E00CF380E /* Release */ = {
			isa = XCBuildConfiguration;
			baseConfigurationReference = 27EA9AD5045BD8C272EB2BE7 /* Pods-My LocationTests.release.xcconfig */;
			buildSettings = {
				ALWAYS_EMBED_SWIFT_STANDARD_LIBRARIES = YES;
				BUNDLE_LOADER = "$(TEST_HOST)";
				DEVELOPMENT_TEAM = L2658ZJS95;
				INFOPLIST_FILE = "My LocationTests/Info.plist";
				LD_RUNPATH_SEARCH_PATHS = "$(inherited) @executable_path/Frameworks @loader_path/Frameworks";
				PRODUCT_BUNDLE_IDENTIFIER = "test.My-LocationTests";
				PRODUCT_NAME = "$(TARGET_NAME)";
				SWIFT_VERSION = 3.0;
				TEST_HOST = "$(BUILT_PRODUCTS_DIR)/My Location.app/My Location";
			};
			name = Release;
		};
		A14726571D91230E00CF380E /* Debug */ = {
			isa = XCBuildConfiguration;
			baseConfigurationReference = 70B562EDB082DDFB3B636722 /* Pods-My LocationUITests.debug.xcconfig */;
			buildSettings = {
				ALWAYS_EMBED_SWIFT_STANDARD_LIBRARIES = YES;
				DEVELOPMENT_TEAM = L2658ZJS95;
				INFOPLIST_FILE = "My LocationUITests/Info.plist";
				LD_RUNPATH_SEARCH_PATHS = "$(inherited) @executable_path/Frameworks @loader_path/Frameworks";
				PRODUCT_BUNDLE_IDENTIFIER = "test.My-LocationUITests";
				PRODUCT_NAME = "$(TARGET_NAME)";
				SWIFT_VERSION = 3.0;
				TEST_TARGET_NAME = "My Location";
			};
			name = Debug;
		};
		A14726581D91230E00CF380E /* Release */ = {
			isa = XCBuildConfiguration;
			baseConfigurationReference = 02613435E5C5D12FECC64CE9 /* Pods-My LocationUITests.release.xcconfig */;
			buildSettings = {
				ALWAYS_EMBED_SWIFT_STANDARD_LIBRARIES = YES;
				DEVELOPMENT_TEAM = L2658ZJS95;
				INFOPLIST_FILE = "My LocationUITests/Info.plist";
				LD_RUNPATH_SEARCH_PATHS = "$(inherited) @executable_path/Frameworks @loader_path/Frameworks";
				PRODUCT_BUNDLE_IDENTIFIER = "test.My-LocationUITests";
				PRODUCT_NAME = "$(TARGET_NAME)";
				SWIFT_VERSION = 3.0;
				TEST_TARGET_NAME = "My Location";
			};
			name = Release;
		};
/* End XCBuildConfiguration section */

/* Begin XCConfigurationList section */
		A14726231D91230D00CF380E /* Build configuration list for PBXProject "My Location" */ = {
			isa = XCConfigurationList;
			buildConfigurations = (
				A147264E1D91230E00CF380E /* Debug */,
				A147264F1D91230E00CF380E /* Release */,
			);
			defaultConfigurationIsVisible = 0;
			defaultConfigurationName = Release;
		};
		A14726501D91230E00CF380E /* Build configuration list for PBXNativeTarget "My Location" */ = {
			isa = XCConfigurationList;
			buildConfigurations = (
				A14726511D91230E00CF380E /* Debug */,
				A14726521D91230E00CF380E /* Release */,
			);
			defaultConfigurationIsVisible = 0;
			defaultConfigurationName = Release;
		};
		A14726531D91230E00CF380E /* Build configuration list for PBXNativeTarget "My LocationTests" */ = {
			isa = XCConfigurationList;
			buildConfigurations = (
				A14726541D91230E00CF380E /* Debug */,
				A14726551D91230E00CF380E /* Release */,
			);
			defaultConfigurationIsVisible = 0;
			defaultConfigurationName = Release;
		};
		A14726561D91230E00CF380E /* Build configuration list for PBXNativeTarget "My LocationUITests" */ = {
			isa = XCConfigurationList;
			buildConfigurations = (
				A14726571D91230E00CF380E /* Debug */,
				A14726581D91230E00CF380E /* Release */,
			);
			defaultConfigurationIsVisible = 0;
			defaultConfigurationName = Release;
		};
/* End XCConfigurationList section */
	};
	rootObject = A14726201D91230D00CF380E /* Project object */;
}
